Microsoft Visual Studio Solution File, Format Version 12.00
# Visual Studio Version 17
VisualStudioVersion = 17.5.2.0
MinimumVisualStudioVersion = 10.0.40219.1
Project("{FAE04EC0-301F-11D3-BF4B-00C04F79EFBC}") = "aceta_app", "aceta_app.csproj", "{452CB2A1-21E0-1D48-A452-C108F505D35A}"
EndProject
Global
	GlobalSection(SolutionConfigurationPlatforms) = preSolution
		Debug|Any CPU = Debug|Any CPU
		Release|Any CPU = Release|Any CPU
	EndGlobalSection
	GlobalSection(ProjectConfigurationPlatforms) = postSolution
		{452CB2A1-21E0-1D48-A452-C108F505D35A}.Debug|Any CPU.ActiveCfg = Debug|Any CPU
		{452CB2A1-21E0-1D48-A452-C108F505D35A}.Debug|Any CPU.Build.0 = Debug|Any CPU
		{452CB2A1-21E0-1D48-A452-C108F505D35A}.Release|Any CPU.ActiveCfg = Release|Any CPU
		{452CB2A1-21E0-1D48-A452-C108F505D35A}.Release|Any CPU.Build.0 = Release|Any CPU
	EndGlobalSection
	GlobalSection(SolutionProperties) = preSolution
		HideSolutionNode = FALSE
	EndGlobalSection
	GlobalSection(ExtensibilityGlobals) = postSolution
		SolutionGuid = {389E2E98-644C-4DDE-B0CA-459C9ACCD0E6}
	EndGlobalSection
EndGlobal
